{
    "_meta": {
        "hash": {
            "sha256": "6adfb8d6407bcb75eba4051cff60c93a585471aa03be6bbc392839b3f9d4a88b"
        },
        "pipfile-spec": 6,
        "requires": {
            "python_version": "3.12"
        },
        "sources": [
            {
                "name": "pypi",
                "url": "https://pypi.org/simple",
                "verify_ssl": true
            }
        ]
    },
    "default": {
        "altgraph": {
            "hashes": [
                "sha256:1b5afbb98f6c4dcadb2e2ae6ab9fa994bbb8c1d75f4fa96d340f9437ae454406",
                "sha256:642743b4750de17e655e6711601b077bc6598dbfa3ba5fa2b2a35ce12b508dff"
            ],
            "version": "==0.17.4"
        },
        "colorama": {
            "hashes": [
                "sha256:08695f5cb7ed6e0531a20572697297273c47b8cae5a63ffc6d6ed5c201be6e44",
                "sha256:4f1d9991f5acc0ca119f9d443620b77f9d6b33703e51011c16baf57afb285fc6"
            ],
            "markers": "python_version >= '2.7' and python_version not in '3.0, 3.1, 3.2, 3.3, 3.4, 3.5, 3.6'",
            "version": "==0.4.6"
        },
        "loguru": {
            "hashes": [
                "sha256:19480589e77d47b8d85b2c827ad95d49bf31b0dcde16593892eb51dd18706eb6",
                "sha256:31a33c10c8e1e10422bfd431aeb5d351c7cf7fa671e3c4df004162264b28220c"
            ],
            "index": "pypi",
            "markers": "python_version >= '3.5' and python_version < '4.0'",
            "version": "==0.7.3"
        },
        "packaging": {
            "hashes": [
                "sha256:09abb1bccd265c01f4a3aa3f7a7db064b36514d2cba19a2f694fe6150451a759",
                "sha256:c228a6dc5e932d346bc5739379109d49e8853dd8223571c7c5b55260edc0b97f"
            ],
            "markers": "python_version >= '3.8'",
            "version": "==24.2"
        },
        "pefile": {
            "hashes": [
                "sha256:82e6114004b3d6911c77c3953e3838654b04511b8b66e8583db70c65998017dc",
                "sha256:da185cd2af68c08a6cd4481f7325ed600a88f6a813bad9dea07ab3ef73d8d8d6"
            ],
            "markers": "python_full_version >= '3.6.0'",
            "version": "==2023.2.7"
        },
        "pyinstaller": {
            "hashes": [
                "sha256:0c271896a3a168f4f91827145702543db9c5427f4c7372a6df8c75925a3ac18a",
                "sha256:0e62d3906309248409f215b386f33afec845214e69cc0f296b93222b26a88f43",
                "sha256:138856a5a503bb69c066377e0a22671b0db063e9cc14d5cf5c798a53561200d3",
                "sha256:1834797be48ce1b26015af68bdeb3c61a6c7500136f04e0fc65e468115dec777",
                "sha256:68f1e4cecf88a6272063977fa2a2c69ad37cf568e5901769d7206d0314c74f47",
                "sha256:83c7f3bde9871b4a6aa71c66a96e8ba5c21668ce711ed97f510b9382d10aac6c",
                "sha256:8e92e9873a616547bbabbb5a3a9843d5f2ab40c3d8b26810acdf0fe257bee4cf",
                "sha256:a2abf5fde31a8b38b6df7939bcef8ac1d0c51e97e25317ce3555cd675259750f",
                "sha256:a69818815c6e0711c727edc30680cb1f81c691b59de35db81a2d9e0ae26a9ef1",
                "sha256:aefe502d55c9cf6aeaed7feba80b5f8491ce43f8f2b5fe2d9aadca3ee5a05bc4",
                "sha256:dac8a27988dbc33cdc34f2046803258bc3f6829de24de52745a5daa22bdba0f1",
                "sha256:fea76fc9b55ffa730fcf90beb897cce4399938460b0b6f40507fbebfc752c753"
            ],
            "index": "pypi",
            "markers": "python_version < '3.14' and python_version >= '3.8'",
            "version": "==6.12.0"
        },
        "pyinstaller-hooks-contrib": {
            "hashes": [
                "sha256:130818f9e9a0a7f2261f1fd66054966a3a50c99d000981c5d1db11d3ad0c6ab2",
                "sha256:d3c799470cbc0bda60dcc8e6b4ab976777532b77621337f2037f558905e3a8e9"
            ],
            "markers": "python_version >= '3.8'",
            "version": "==2025.1"
        },
        "pyodbc": {
            "hashes": [
                "sha256:057b8ede91b21d9f0ef58210d1ca1aad704e641ca68ac6b02f109d86b61d7402",
                "sha256:0dae0fb86078c87acf135dbe5afd3c7d15d52ab0db5965c44159e84058c3e2fb",
                "sha256:0e4412f8e608db2a4be5bcc75f9581f386ed6a427dbcb5eac795049ba6fc205e",
                "sha256:113f904b9852c12f10c7a3288f5a3563ecdbbefe3ccc829074a9eb8255edcd29",
                "sha256:207f16b7e9bf09c591616429ebf2b47127e879aad21167ac15158910dc9bbcda",
                "sha256:26844d780045bbc3514d5c2f0d89e7fda7df7db0bd24292eb6902046f5730885",
                "sha256:26b7f8324fa01c09fe4843ad8adb0b131299ef263a1fb9e63830c9cd1d5c45e4",
                "sha256:26d2d8fd53b71204c755abc53b0379df4e23fd9a40faf211e1cb87e8a32470f0",
                "sha256:2b5323be83fedc79a6d1e1b96e67bdc368c1d3f1562b8f8184b735acdd749ae9",
                "sha256:4627779f0a608b51ce2d2fe6d1d395384e65ca36248bf9dbb6d7cf2c8fda1cab",
                "sha256:4d997d3b6551273647825c734158ca8a6f682df269f6b3975f2499c01577ddec",
                "sha256:4fde753fcea625bfaed36edae34c2fba15bf0b5d0ea27474ee038ef47b684d1d",
                "sha256:5102007a8c78dd2fc1c1b6f6147de8cfc020f81013e4b46c33e66aaa7d1bf7b1",
                "sha256:5f0ecbc7067467df95c9b8bd38fb2682c4a13a3402d77dccaddf1e145cea8cc0",
                "sha256:600ef6f562f609f5612ffaa8a93827249150aa3030c867937c87b24a1608967e",
                "sha256:6493b9c7506ca964b80ad638d0dc82869df7058255d71f04fdd1405e88bcb36b",
                "sha256:74135cb10c1dcdbd99fe429c61539c232140e62939fa7c69b0a373cc552e4a08",
                "sha256:770e1ac2e7bdf31439bf1d57a1d34ae37d6151216367e8e3f6cdc275006c8bb0",
                "sha256:7e3cbc7075a46c411b531ada557c4aef13d034060a70077717124cabc1717e2d",
                "sha256:96d3127f28c0dacf18da7ae009cd48eac532d3dcc718a334b86a3c65f6a5ef5c",
                "sha256:97d086a8f7a302b74c9c2e77bedf954a603b19168af900d4d3a97322e773df63",
                "sha256:9e8f4ee2c523bbe85124540ffad62a3b62ae481f012e390ef93e0602b6302e5e",
                "sha256:9f7badd0055221a744d76c11440c0856fd2846ed53b6555cf8f0a8893a3e4b03",
                "sha256:a27996b6d27e275dfb5fe8a34087ba1cacadfd1439e636874ef675faea5149d9",
                "sha256:ad633c52f4f4e7691daaa2278d6e6ebb2fe4ae7709e610e22c7dd1a1d620cf8b",
                "sha256:b1f5686b142759c5b2bdbeaa0692622c2ebb1f10780eb3c174b85f5607fbcf55",
                "sha256:b77556349746fb90416a48bd114cd7323f7e2559a4b263dada935f9b406ba59b",
                "sha256:be43d1ece4f2cf4d430996689d89a1a15aeb3a8da8262527e5ced5aee27e89c3",
                "sha256:d287121eeaa562b9ab3d4c52fa77c793dfedd127049273eb882a05d3d67a8ce8",
                "sha256:d57843b9792994f9e73b91667da6452a4f2d7caaa2499598783eb972c4b6eb93",
                "sha256:dc5342d1d09466f9e76e3979551f9205a01ff0ea78b02d2d889171e8c3c4fb9c",
                "sha256:de1ee7ec2eb326b7be5e2c4ce20d472c5ef1a6eb838d126d1d26779ff5486e49",
                "sha256:de8be39809c8ddeeee26a4b876a6463529cd487a60d1393eb2a93e9bcd44a8f5",
                "sha256:e04de873607fb960e71953c164c83e8e5d9291ce0d69e688e54947b254b04902",
                "sha256:eaf42c4bd323b8fd01f1cd900cca2d09232155f9b8f0b9bcd0be66763588ce64",
                "sha256:eb0850e3e3782f57457feed297e220bb20c3e8fd7550d7a6b6bb96112bd9b6fe",
                "sha256:f1f38adc47d36af392475cd4aaae0f35652fdc9e8364bf155810fe1be591336f"
            ],
            "index": "pypi",
            "markers": "python_version >= '3.8'",
            "version": "==5.2.0"
        },
        "pywin32-ctypes": {
            "hashes": [
                "sha256:8a1513379d709975552d202d942d9837758905c8d01eb82b8bcc30918929e7b8",
                "sha256:d162dc04946d704503b2edc4d55f3dba5c1d539ead017afa00142c38b9885755"
            ],
            "markers": "python_version >= '3.6'",
            "version": "==0.2.3"
        },
        "ruff": {
            "hashes": [
                "sha256:0372c5a90349f00212270421fe91874b866fd3626eb3b397ede06cd385f6f7e0",
                "sha256:042ae32b41343888f59c0a4148f103208bf6b21c90118d51dc93a68366f4e903",
                "sha256:0c439bdfc8983e1336577f00e09a4e7a78944fe01e4ea7fe616d00c3ec69a3d0",
                "sha256:115d1f15e8fdd445a7b4dc9a30abae22de3f6bcabeb503964904471691ef7606",
                "sha256:3770fe52b9d691a15f0b87ada29c45324b2ace8f01200fb0c14845e499eb0c2c",
                "sha256:643757633417907510157b206e490c3aa11cab0c087c912f60e07fbafa87a4c6",
                "sha256:7c1f880ac5b2cbebd58b8ebde57069a374865c73f3bf41f05fe7a179c1c8ef22",
                "sha256:87862589373b33cc484b10831004e5e5ec47dc10d2b41ba770e837d4f429d721",
                "sha256:88362e3227c82f63eaebf0b2eff5b88990280fb1ecf7105523883ba8c3aaf6fb",
                "sha256:91ff963baed3e9a6a4eba2a02f4ca8eaa6eba1cc0521aec0987da8d62f53cbef",
                "sha256:99d50def47305fe6f233eb8dabfd60047578ca87c9dcb235c9723ab1175180f4",
                "sha256:a17e1e01bee0926d351a1ee9bc15c445beae888f90069a6192a07a84af544b6b",
                "sha256:b075a700b2533feb7a01130ff656a4ec0d5f340bb540ad98759b8401c32c2037",
                "sha256:d59105ae9c44152c3d40a9c40d6331a7acd1cdf5ef404fbe31178a77b174ea66",
                "sha256:d76b8ab60e99e6424cd9d3d923274a1324aefce04f8ea537136b8398bbae0a62",
                "sha256:e63fc20143c291cab2841dbb8260e96bafbe1ba13fd3d60d28be2c71e312da49",
                "sha256:e9ece95b7de5923cbf38893f066ed2872be2f2f477ba94f826c8defdd6ec6b7d",
                "sha256:f313b5800483770bd540cddac7c90fc46f895f427b7820f18fe1822697f1fec9"
            ],
            "index": "pypi",
            "markers": "python_version >= '3.7'",
            "version": "==0.9.7"
        },
        "setuptools": {
            "hashes": [
                "sha256:c5afc8f407c626b8313a86e10311dd3f661c6cd9c09d4bf8c15c0e11f9f2b0e6",
                "sha256:e3982f444617239225d675215d51f6ba05f845d4eec313da4418fdbb56fb27e3"
            ],
            "markers": "python_version >= '3.9'",
            "version": "==75.8.0"
        },
        "win32-setctime": {
            "hashes": [
                "sha256:95d644c4e708aba81dc3704a116d8cbc974d70b3bdb8be1d150e36be6e9d1390",
                "sha256:ae1fdf948f5640aae05c511ade119313fb6a30d7eabe25fef9764dca5873c4c0"
            ],
            "markers": "python_version >= '3.5'",
            "version": "==1.2.0"
        }
    },
    "develop": {}
}
